
Microsoft Visual Studio Solution File, Format Version 12.00
# Visual Studio Version 17
VisualStudioVersion = 17.4.33213.308
MinimumVisualStudioVersion = 10.0.40219.1
Project("{FAE04EC0-301F-11D3-BF4B-00C04F79EFBC}") = "maze2", "maze2\maze2.csproj", "{075CEF40-AFEF-472F-AC6F-A7B688E99004}"
EndProject
Global
	GlobalSection(SolutionConfigurationPlatforms) = preSolution
		Debug|Any CPU = Debug|Any CPU
		Release|Any CPU = Release|Any CPU
	EndGlobalSection
	GlobalSection(ProjectConfigurationPlatforms) = postSolution
		{075CEF40-AFEF-472F-AC6F-A7B688E99004}.Debug|Any CPU.ActiveCfg = Debug|Any CPU
		{075CEF40-AFEF-472F-AC6F-A7B688E99004}.Debug|Any CPU.Build.0 = Debug|Any CPU
		{075CEF40-AFEF-472F-AC6F-A7B688E99004}.Release|Any CPU.ActiveCfg = Release|Any CPU
		{075CEF40-AFEF-472F-AC6F-A7B688E99004}.Release|Any CPU.Build.0 = Release|Any CPU
	EndGlobalSection
	GlobalSection(SolutionProperties) = preSolution
		HideSolutionNode = FALSE
	EndGlobalSection
	GlobalSection(ExtensibilityGlobals) = postSolution
		SolutionGuid = {C67692EA-3DE3-4DB2-ACDD-22CAF3DBF1EC}
	EndGlobalSection
EndGlobal
